
Microsoft Visual Studio Solution File, Format Version 12.00
# Visual Studio Version 17
VisualStudioVersion = 17.0.32014.148
MinimumVisualStudioVersion = 10.0.40219.1
Project("{F184B08F-C81C-45F6-A57F-5ABD9991F28F}") = "EasyWPFThemeLib", "EasyWPFThemeLib.vbproj", "{BBF0F12A-9AC2-4B8B-A572-F71C61B9AFF5}"
EndProject
Global
	GlobalSection(SolutionConfigurationPlatforms) = preSolution
		Debug|Any CPU = Debug|Any CPU
		Release|Any CPU = Release|Any CPU
	EndGlobalSection
	GlobalSection(ProjectConfigurationPlatforms) = postSolution
		{BBF0F12A-9AC2-4B8B-A572-F71C61B9AFF5}.Debug|Any CPU.ActiveCfg = Debug|Any CPU
		{BBF0F12A-9AC2-4B8B-A572-F71C61B9AFF5}.Debug|Any CPU.Build.0 = Debug|Any CPU
		{BBF0F12A-9AC2-4B8B-A572-F71C61B9AFF5}.Release|Any CPU.ActiveCfg = Release|Any CPU
		{BBF0F12A-9AC2-4B8B-A572-F71C61B9AFF5}.Release|Any CPU.Build.0 = Release|Any CPU
	EndGlobalSection
	GlobalSection(SolutionProperties) = preSolution
		HideSolutionNode = FALSE
	EndGlobalSection
	GlobalSection(ExtensibilityGlobals) = postSolution
		SolutionGuid = {8505780C-F986-4BD0-8E9A-16349D1F5A07}
	EndGlobalSection
EndGlobal
